<Solution>
  <Folder Name="/src/">
    <Project Path="src/Narula.Image.Convertor.Cli/Narula.Image.Convertor.Cli.csproj" />
    <Project Path="src/Narula.Image.Convertor.UI/Narula.Image.Convertor.UI.csproj" />
    <Project Path="src/Narula.Image.Convertor.Mcp/Narula.Image.Convertor.Mcp.csproj" />
    <Project Path="src/Narula.Image.Convertor.Setup/Narula.Image.Convertor.Setup.csproj" />
    <Project Path="src/Narula.Image.Convertor/Narula.Image.Convertor.csproj" />
  </Folder>
  <Folder Name="/tests/">
    <Project Path="tests/Narula.Image.Convertor.Tests/Narula.Image.Convertor.Tests.csproj" />
  </Folder>
</Solution>
